<?xml version="1.0" encoding="utf-8"?>
<Project ToolsVersion="4.0" xmlns="http://schemas.microsoft.com/developer/msbuild/2003">
  <ItemGroup>
    <Filter Include="Source Files">
      <UniqueIdentifier>{4FC737F1-C7A5-4376-A066-2A32D752A2FF}</UniqueIdentifier>
      <Extensions>cpp;c;cxx;def;odl;idl;hpj;bat;asm;asmx</Extensions>
    </Filter>
    <Filter Include="Source Files\Diagnostics">
      <UniqueIdentifier>{52a482c3-763d-4348-bcbd-eab3a6890dca}</UniqueIdentifier>
    </Filter>
    <Filter Include="Source Files\Nodes">
      <UniqueIdentifier>{9124ac78-94d7-4d3d-966a-a69d8aebfb18}</UniqueIdentifier>
    </Filter>
    <Filter Include="Source Files\IO">
      <UniqueIdentifier>{b1a043ce-1b20-4ab3-9bb3-b3cfd0530763}</UniqueIdentifier>
    </Filter>
    <Filter Include="Source Files\IO\Readers">
      <UniqueIdentifier>{a82519c7-1e5e-4ec2-84e9-f36460f93e92}</UniqueIdentifier>
    </Filter>
    <Filter Include="Source Files\IO\Writers">
      <UniqueIdentifier>{970fe1f8-b857-4e69-ac3d-b02405693e1e}</UniqueIdentifier>
    </Filter>
    <Filter Include="Source Files\Miscellaneous">
      <UniqueIdentifier>{1879e6e9-ced7-4b29-a30a-b1c06e9328c1}</UniqueIdentifier>
    </Filter>
    <Filter Include="Header Files">
      <UniqueIdentifier>{93995380-89BD-4b04-88EB-625FBE52EBFB}</UniqueIdentifier>
      <Extensions>h;hpp;hxx;hm;inl;inc;xsd</Extensions>
    </Filter>
    <Filter Include="Header Files\Miscellaneous">
      <UniqueIdentifier>{e113f86f-9dc1-4952-8ac4-3eb35864666f}</UniqueIdentifier>
    </Filter>
    <Filter Include="Header Files\Nodes">
      <UniqueIdentifier>{8dceb178-e0c0-411a-aec2-c128e3664ab0}</UniqueIdentifier>
    </Filter>
    <Filter Include="Header Files\IO">
      <UniqueIdentifier>{677dcca2-b572-40c1-9b3a-d1600bcab543}</UniqueIdentifier>
    </Filter>
    <Filter Include="Header Files\IO\Readers">
      <UniqueIdentifier>{d6facdeb-e452-4931-b581-f649188bf008}</UniqueIdentifier>
    </Filter>
    <Filter Include="Header Files\IO\Writers">
      <UniqueIdentifier>{8637d577-b77c-4213-9518-619471184f18}</UniqueIdentifier>
    </Filter>
    <Filter Include="Header Files\Diagnostics">
      <UniqueIdentifier>{f2829e2a-232c-47e9-86e4-8d2b31635f07}</UniqueIdentifier>
    </Filter>
    <Filter Include="Resource Files">
      <UniqueIdentifier>{67DA6AB6-F800-4c08-8B7A-83BB121AAD01}</UniqueIdentifier>
      <Extensions>rc;ico;cur;bmp;dlg;rc2;rct;bin;rgs;gif;jpg;jpeg;jpe;resx</Extensions>
    </Filter>
  </ItemGroup>
  <ItemGroup>
    <ClCompile Include="..\..\..\VTFLib\Proc.cpp">
      <Filter>Source Files</Filter>
    </ClCompile>
    <ClCompile Include="..\..\..\VTFLib\VMTFile.cpp">
      <Filter>Source Files</Filter>
    </ClCompile>
    <ClCompile Include="..\..\..\VTFLib\VMTWrapper.cpp">
      <Filter>Source Files</Filter>
    </ClCompile>
    <ClCompile Include="..\..\..\VTFLib\VTFFile.cpp">
      <Filter>Source Files</Filter>
    </ClCompile>
    <ClCompile Include="..\..\..\VTFLib\VTFLib.cpp">
      <Filter>Source Files</Filter>
    </ClCompile>
    <ClCompile Include="..\..\..\VTFLib\VTFMathlib.cpp">
      <Filter>Source Files</Filter>
    </ClCompile>
    <ClCompile Include="..\..\..\VTFLib\VTFWrapper.cpp">
      <Filter>Source Files</Filter>
    </ClCompile>
    <ClCompile Include="..\..\..\VTFLib\Error.cpp">
      <Filter>Source Files\Diagnostics</Filter>
    </ClCompile>
    <ClCompile Include="..\..\..\VTFLib\VMTGroupNode.cpp">
      <Filter>Source Files\Nodes</Filter>
    </ClCompile>
    <ClCompile Include="..\..\..\VTFLib\VMTIntegerNode.cpp">
      <Filter>Source Files\Nodes</Filter>
    </ClCompile>
    <ClCompile Include="..\..\..\VTFLib\VMTNode.cpp">
      <Filter>Source Files\Nodes</Filter>
    </ClCompile>
    <ClCompile Include="..\..\..\VTFLib\VMTSingleNode.cpp">
      <Filter>Source Files\Nodes</Filter>
    </ClCompile>
    <ClCompile Include="..\..\..\VTFLib\VMTStringNode.cpp">
      <Filter>Source Files\Nodes</Filter>
    </ClCompile>
    <ClCompile Include="..\..\..\VTFLib\VMTValueNode.cpp">
      <Filter>Source Files\Nodes</Filter>
    </ClCompile>
    <ClCompile Include="..\..\..\VTFLib\FileReader.cpp">
      <Filter>Source Files\IO\Readers</Filter>
    </ClCompile>
    <ClCompile Include="..\..\..\VTFLib\MemoryReader.cpp">
      <Filter>Source Files\IO\Readers</Filter>
    </ClCompile>
    <ClCompile Include="..\..\..\VTFLib\ProcReader.cpp">
      <Filter>Source Files\IO\Readers</Filter>
    </ClCompile>
    <ClCompile Include="..\..\..\VTFLib\FileWriter.cpp">
      <Filter>Source Files\IO\Writers</Filter>
    </ClCompile>
    <ClCompile Include="..\..\..\VTFLib\MemoryWriter.cpp">
      <Filter>Source Files\IO\Writers</Filter>
    </ClCompile>
    <ClCompile Include="..\..\..\VTFLib\ProcWriter.cpp">
      <Filter>Source Files\IO\Writers</Filter>
    </ClCompile>
    <ClCompile Include="..\..\..\VTFLib\Float16.cpp">
      <Filter>Source Files\Miscellaneous</Filter>
    </ClCompile>
  </ItemGroup>
  <ItemGroup>
    <ClInclude Include="..\..\..\VTFLib\Proc.h">
      <Filter>Header Files</Filter>
    </ClInclude>
    <ClInclude Include="..\..\..\VTFLib\VMTFile.h">
      <Filter>Header Files</Filter>
    </ClInclude>
    <ClInclude Include="..\..\..\VTFLib\VMTWrapper.h">
      <Filter>Header Files</Filter>
    </ClInclude>
    <ClInclude Include="..\..\..\VTFLib\VTFFile.h">
      <Filter>Header Files</Filter>
    </ClInclude>
    <ClInclude Include="..\..\..\VTFLib\VTFFormat.h">
      <Filter>Header Files</Filter>
    </ClInclude>
    <ClInclude Include="..\..\..\VTFLib\VTFLib.h">
      <Filter>Header Files</Filter>
    </ClInclude>
    <ClInclude Include="..\..\..\VTFLib\VTFMathlib.h">
      <Filter>Header Files</Filter>
    </ClInclude>
    <ClInclude Include="..\..\..\VTFLib\VTFWrapper.h">
      <Filter>Header Files</Filter>
    </ClInclude>
    <ClInclude Include="..\..\..\VTFLib\Float16.h">
      <Filter>Header Files\Miscellaneous</Filter>
    </ClInclude>
    <ClInclude Include="..\..\..\VTFLib\resource.h">
      <Filter>Header Files\Miscellaneous</Filter>
    </ClInclude>
    <ClInclude Include="..\..\..\VTFLib\stdafx.h">
      <Filter>Header Files\Miscellaneous</Filter>
    </ClInclude>
    <ClInclude Include="..\..\..\VTFLib\VTFDXTn.h">
      <Filter>Header Files\Miscellaneous</Filter>
    </ClInclude>
    <ClInclude Include="..\..\..\VTFLib\VMTGroupNode.h">
      <Filter>Header Files\Nodes</Filter>
    </ClInclude>
    <ClInclude Include="..\..\..\VTFLib\VMTIntegerNode.h">
      <Filter>Header Files\Nodes</Filter>
    </ClInclude>
    <ClInclude Include="..\..\..\VTFLib\VMTNode.h">
      <Filter>Header Files\Nodes</Filter>
    </ClInclude>
    <ClInclude Include="..\..\..\VTFLib\VMTNodes.h">
      <Filter>Header Files\Nodes</Filter>
    </ClInclude>
    <ClInclude Include="..\..\..\VTFLib\VMTSingleNode.h">
      <Filter>Header Files\Nodes</Filter>
    </ClInclude>
    <ClInclude Include="..\..\..\VTFLib\VMTStringNode.h">
      <Filter>Header Files\Nodes</Filter>
    </ClInclude>
    <ClInclude Include="..\..\..\VTFLib\VMTValueNode.h">
      <Filter>Header Files\Nodes</Filter>
    </ClInclude>
    <ClInclude Include="..\..\..\VTFLib\FileReader.h">
      <Filter>Header Files\IO\Readers</Filter>
    </ClInclude>
    <ClInclude Include="..\..\..\VTFLib\MemoryReader.h">
      <Filter>Header Files\IO\Readers</Filter>
    </ClInclude>
    <ClInclude Include="..\..\..\VTFLib\ProcReader.h">
      <Filter>Header Files\IO\Readers</Filter>
    </ClInclude>
    <ClInclude Include="..\..\..\VTFLib\Reader.h">
      <Filter>Header Files\IO\Readers</Filter>
    </ClInclude>
    <ClInclude Include="..\..\..\VTFLib\Readers.h">
      <Filter>Header Files\IO\Readers</Filter>
    </ClInclude>
    <ClInclude Include="..\..\..\VTFLib\FileWriter.h">
      <Filter>Header Files\IO\Writers</Filter>
    </ClInclude>
    <ClInclude Include="..\..\..\VTFLib\MemoryWriter.h">
      <Filter>Header Files\IO\Writers</Filter>
    </ClInclude>
    <ClInclude Include="..\..\..\VTFLib\ProcWriter.h">
      <Filter>Header Files\IO\Writers</Filter>
    </ClInclude>
    <ClInclude Include="..\..\..\VTFLib\Writer.h">
      <Filter>Header Files\IO\Writers</Filter>
    </ClInclude>
    <ClInclude Include="..\..\..\VTFLib\Writers.h">
      <Filter>Header Files\IO\Writers</Filter>
    </ClInclude>
    <ClInclude Include="..\..\..\VTFLib\Error.h">
      <Filter>Header Files\Diagnostics</Filter>
    </ClInclude>
  </ItemGroup>
  <ItemGroup>
    <ResourceCompile Include="..\..\..\VTFLib\Resource.rc">
      <Filter>Resource Files</Filter>
    </ResourceCompile>
  </ItemGroup>
</Project>